
Microsoft Visual Studio Solution File, Format Version 12.00
# Visual Studio Version 17
VisualStudioVersion = 17.8.34511.84
MinimumVisualStudioVersion = 10.0.40219.1
Project("{9A19103F-16F7-4668-BE54-9A1E7A4F7556}") = "ZorfSerice", "Server\ZorfSerice.csproj", "{F147F4F6-E46B-42C3-BC8D-E90975E9C714}"
EndProject
Project("{FAE04EC0-301F-11D3-BF4B-00C04F79EFBC}") = "ZorfC", "ZorfC\ZorfC.csproj", "{1B4CEEE1-5D8A-4415-9FDA-7D66AEC4BAF9}"
EndProject
Global
	GlobalSection(SolutionConfigurationPlatforms) = preSolution
		Debug|Any CPU = Debug|Any CPU
		Release|Any CPU = Release|Any CPU
	EndGlobalSection
	GlobalSection(ProjectConfigurationPlatforms) = postSolution
		{F147F4F6-E46B-42C3-BC8D-E90975E9C714}.Debug|Any CPU.ActiveCfg = Debug|Any CPU
		{F147F4F6-E46B-42C3-BC8D-E90975E9C714}.Debug|Any CPU.Build.0 = Debug|Any CPU
		{F147F4F6-E46B-42C3-BC8D-E90975E9C714}.Release|Any CPU.ActiveCfg = Release|Any CPU
		{F147F4F6-E46B-42C3-BC8D-E90975E9C714}.Release|Any CPU.Build.0 = Release|Any CPU
		{1B4CEEE1-5D8A-4415-9FDA-7D66AEC4BAF9}.Debug|Any CPU.ActiveCfg = Debug|Any CPU
		{1B4CEEE1-5D8A-4415-9FDA-7D66AEC4BAF9}.Debug|Any CPU.Build.0 = Debug|Any CPU
		{1B4CEEE1-5D8A-4415-9FDA-7D66AEC4BAF9}.Release|Any CPU.ActiveCfg = Release|Any CPU
		{1B4CEEE1-5D8A-4415-9FDA-7D66AEC4BAF9}.Release|Any CPU.Build.0 = Release|Any CPU
	EndGlobalSection
	GlobalSection(SolutionProperties) = preSolution
		HideSolutionNode = FALSE
	EndGlobalSection
	GlobalSection(ExtensibilityGlobals) = postSolution
		SolutionGuid = {0DDE3685-811D-4FBD-B67A-929171BB7D8B}
	EndGlobalSection
EndGlobal
